// !$*UTF8*$!
{
	archiveVersion = 1;
	classes = {
	};
	objectVersion = 48;
	objects = {

/* Begin PBXBuildFile section */
		05797B9C1FB9CAB3005473EF /* AppDelegate.swift in Sources */ = {isa = PBXBuildFile; fileRef = 05797B9B1FB9CAB3005473EF /* AppDelegate.swift */; };
		05797B9E1FB9CAB4005473EF /* ViewController.swift in Sources */ = {isa = PBXBuildFile; fileRef = 05797B9D1FB9CAB4005473EF /* ViewController.swift */; };
		05797BA11FB9CAB4005473EF /* Main.storyboard in Resources */ = {isa = PBXBuildFile; fileRef = 05797B9F1FB9CAB4005473EF /* Main.storyboard */; };
		05797BA31FB9CAB4005473EF /* Assets.xcassets in Resources */ = {isa = PBXBuildFile; fileRef = 05797BA21FB9CAB4005473EF /* Assets.xcassets */; };
		05797BA61FB9CAB4005473EF /* LaunchScreen.storyboard in Resources */ = {isa = PBXBuildFile; fileRef = 05797BA41FB9CAB4005473EF /* LaunchScreen.storyboard */; };
		05797BB11FB9CAB4005473EF /* AuctionTests.swift in Sources */ = {isa = PBXBuildFile; fileRef = 05797BB01FB9CAB4005473EF /* AuctionTests.swift */; };
		05797BBC1FB9CAB4005473EF /* AuctionUITests.swift in Sources */ = {isa = PBXBuildFile; fileRef = 05797BBB1FB9CAB4005473EF /* AuctionUITests.swift */; };
		2229E95E35E6E71D6DB9BFFC /* Pods_Auction.framework in Frameworks */ = {isa = PBXBuildFile; fileRef = 2B6495FC1BC09F9969CB16D1 /* Pods_Auction.framework */; settings = {ATTRIBUTES = (Required, ); }; };
		2635CA9D7EB121B61F299752 /* Pods_AuctionUITests.framework in Frameworks */ = {isa = PBXBuildFile; fileRef = F14C2E058F5BEC5C261B135C /* Pods_AuctionUITests.framework */; };
		5D7E275D3977D7665AC2F9E6 /* Pods_AuctionTests.framework in Frameworks */ = {isa = PBXBuildFile; fileRef = 117B92B78355D7FECFC835D4 /* Pods_AuctionTests.framework */; };
		8A0E56BB1FD7B9DA00707C45 /* LoginModel.swift in Sources */ = {isa = PBXBuildFile; fileRef = 8A0E56BA1FD7B9DA00707C45 /* LoginModel.swift */; };
		8A0E56BC1FD7BFA100707C45 /* Alamofire.framework in Frameworks */ = {isa = PBXBuildFile; fileRef = 8A0E56BD1FD7BFA100707C45 /* Alamofire.framework */; settings = {ATTRIBUTES = (Required, ); }; };
		8A3D58251FFCE2EE008C55E1 /* OAuthResponse.swift in Sources */ = {isa = PBXBuildFile; fileRef = 8A3D58241FFCE2EE008C55E1 /* OAuthResponse.swift */; };
		8A3D58271FFCE324008C55E1 /* Utilities.swift in Sources */ = {isa = PBXBuildFile; fileRef = 8A3D58261FFCE324008C55E1 /* Utilities.swift */; };
		8A3D58291FFCE870008C55E1 /* Constants.swift in Sources */ = {isa = PBXBuildFile; fileRef = 8A3D58281FFCE870008C55E1 /* Constants.swift */; };
		8A8F4B281FBEC27A00A26F7A /* TableViewCell.swift in Sources */ = {isa = PBXBuildFile; fileRef = 8A8F4B271FBEC27A00A26F7A /* TableViewCell.swift */; };
		8AB690251FD7D42F005F8B6F /* ProductDetailViewController.swift in Sources */ = {isa = PBXBuildFile; fileRef = 8AB690241FD7D42F005F8B6F /* ProductDetailViewController.swift */; };
		8ACB3BAF1FC45D9E0037E349 /* ProductListViewController.swift in Sources */ = {isa = PBXBuildFile; fileRef = 8A8F4B251FBEBC1600A26F7A /* ProductListViewController.swift */; };
/* End PBXBuildFile section */

/* Begin PBXContainerItemProxy section */
		05797BAD1FB9CAB4005473EF /* PBXContainerItemProxy */ = {
			isa = PBXContainerItemProxy;
			containerPortal = 05797B901FB9CAB2005473EF /* Project object */;
			proxyType = 1;
			remoteGlobalIDString = 05797B971FB9CAB3005473EF;
			remoteInfo = Auction;
		};
		05797BB81FB9CAB4005473EF /* PBXContainerItemProxy */ = {
			isa = PBXContainerItemProxy;
			containerPortal = 05797B901FB9CAB2005473EF /* Project object */;
			proxyType = 1;
			remoteGlobalIDString = 05797B971FB9CAB3005473EF;
			remoteInfo = Auction;
		};
/* End PBXContainerItemProxy section */

/* Begin PBXFileReference section */
		05797B981FB9CAB3005473EF /* Auction.app */ = {isa = PBXFileReference; explicitFileType = wrapper.application; includeInIndex = 0; path = Auction.app; sourceTree = BUILT_PRODUCTS_DIR; };
		05797B9B1FB9CAB3005473EF /* AppDelegate.swift */ = {isa = PBXFileReference; lastKnownFileType = sourcecode.swift; path = AppDelegate.swift; sourceTree = "<group>"; };
		05797B9D1FB9CAB4005473EF /* ViewController.swift */ = {isa = PBXFileReference; lastKnownFileType = sourcecode.swift; path = ViewController.swift; sourceTree = "<group>"; };
		05797BA01FB9CAB4005473EF /* Base */ = {isa = PBXFileReference; lastKnownFileType = file.storyboard; name = Base; path = Base.lproj/Main.storyboard; sourceTree = "<group>"; };
		05797BA21FB9CAB4005473EF /* Assets.xcassets */ = {isa = PBXFileReference; lastKnownFileType = folder.assetcatalog; path = Assets.xcassets; sourceTree = "<group>"; };
		05797BA51FB9CAB4005473EF /* Base */ = {isa = PBXFileReference; lastKnownFileType = file.storyboard; name = Base; path = Base.lproj/LaunchScreen.storyboard; sourceTree = "<group>"; };
		05797BA71FB9CAB4005473EF /* Info.plist */ = {isa = PBXFileReference; lastKnownFileType = text.plist.xml; path = Info.plist; sourceTree = "<group>"; };
		05797BAC1FB9CAB4005473EF /* AuctionTests.xctest */ = {isa = PBXFileReference; explicitFileType = wrapper.cfbundle; includeInIndex = 0; path = AuctionTests.xctest; sourceTree = BUILT_PRODUCTS_DIR; };
		05797BB01FB9CAB4005473EF /* AuctionTests.swift */ = {isa = PBXFileReference; lastKnownFileType = sourcecode.swift; path = AuctionTests.swift; sourceTree = "<group>"; };
		05797BB21FB9CAB4005473EF /* Info.plist */ = {isa = PBXFileReference; lastKnownFileType = text.plist.xml; path = Info.plist; sourceTree = "<group>"; };
		05797BB71FB9CAB4005473EF /* AuctionUITests.xctest */ = {isa = PBXFileReference; explicitFileType = wrapper.cfbundle; includeInIndex = 0; path = AuctionUITests.xctest; sourceTree = BUILT_PRODUCTS_DIR; };
		05797BBB1FB9CAB4005473EF /* AuctionUITests.swift */ = {isa = PBXFileReference; lastKnownFileType = sourcecode.swift; path = AuctionUITests.swift; sourceTree = "<group>"; };
		05797BBD1FB9CAB4005473EF /* Info.plist */ = {isa = PBXFileReference; lastKnownFileType = text.plist.xml; path = Info.plist; sourceTree = "<group>"; };
		117B92B78355D7FECFC835D4 /* Pods_AuctionTests.framework */ = {isa = PBXFileReference; explicitFileType = wrapper.framework; includeInIndex = 0; path = Pods_AuctionTests.framework; sourceTree = BUILT_PRODUCTS_DIR; };
		13F7A780B12B21163546199C /* Pods-AuctionUITests.release.xcconfig */ = {isa = PBXFileReference; includeInIndex = 1; lastKnownFileType = text.xcconfig; name = "Pods-AuctionUITests.release.xcconfig"; path = "Pods/Target Support Files/Pods-AuctionUITests/Pods-AuctionUITests.release.xcconfig"; sourceTree = "<group>"; };
		2B6495FC1BC09F9969CB16D1 /* Pods_Auction.framework */ = {isa = PBXFileReference; explicitFileType = wrapper.framework; includeInIndex = 0; path = Pods_Auction.framework; sourceTree = BUILT_PRODUCTS_DIR; };
		321B85082760136982C0EB44 /* Pods-AuctionTests.release.xcconfig */ = {isa = PBXFileReference; includeInIndex = 1; lastKnownFileType = text.xcconfig; name = "Pods-AuctionTests.release.xcconfig"; path = "Pods/Target Support Files/Pods-AuctionTests/Pods-AuctionTests.release.xcconfig"; sourceTree = "<group>"; };
		431FFBFBE64291DC4CE6C360 /* Pods-Auction.debug.xcconfig */ = {isa = PBXFileReference; includeInIndex = 1; lastKnownFileType = text.xcconfig; name = "Pods-Auction.debug.xcconfig"; path = "Pods/Target Support Files/Pods-Auction/Pods-Auction.debug.xcconfig"; sourceTree = "<group>"; };
		8A0E56BA1FD7B9DA00707C45 /* LoginModel.swift */ = {isa = PBXFileReference; fileEncoding = 4; lastKnownFileType = sourcecode.swift; path = LoginModel.swift; sourceTree = "<group>"; };
		8A0E56BD1FD7BFA100707C45 /* Alamofire.framework */ = {isa = PBXFileReference; explicitFileType = wrapper.framework; path = Alamofire.framework; sourceTree = BUILT_PRODUCTS_DIR; };
		8A3D58241FFCE2EE008C55E1 /* OAuthResponse.swift */ = {isa = PBXFileReference; lastKnownFileType = sourcecode.swift; path = OAuthResponse.swift; sourceTree = "<group>"; };
		8A3D58261FFCE324008C55E1 /* Utilities.swift */ = {isa = PBXFileReference; lastKnownFileType = sourcecode.swift; path = Utilities.swift; sourceTree = "<group>"; };
		8A3D58281FFCE870008C55E1 /* Constants.swift */ = {isa = PBXFileReference; lastKnownFileType = sourcecode.swift; path = Constants.swift; sourceTree = "<group>"; };
		8A8F4B251FBEBC1600A26F7A /* ProductListViewController.swift */ = {isa = PBXFileReference; lastKnownFileType = sourcecode.swift; path = ProductListViewController.swift; sourceTree = "<group>"; };
		8A8F4B271FBEC27A00A26F7A /* TableViewCell.swift */ = {isa = PBXFileReference; lastKnownFileType = sourcecode.swift; path = TableViewCell.swift; sourceTree = "<group>"; };
		8AB690241FD7D42F005F8B6F /* ProductDetailViewController.swift */ = {isa = PBXFileReference; fileEncoding = 4; lastKnownFileType = sourcecode.swift; name = ProductDetailViewController.swift; path = "../../../../../Downloads/Auction 2/Auction/ProductDetailViewController.swift"; sourceTree = "<group>"; };
		A6E40BC753610039B39A05FE /* Pods-AuctionTests.debug.xcconfig */ = {isa = PBXFileReference; includeInIndex = 1; lastKnownFileType = text.xcconfig; name = "Pods-AuctionTests.debug.xcconfig"; path = "Pods/Target Support Files/Pods-AuctionTests/Pods-AuctionTests.debug.xcconfig"; sourceTree = "<group>"; };
		BBF9FAC641E2FA3F5A9069E7 /* Pods-AuctionUITests.debug.xcconfig */ = {isa = PBXFileReference; includeInIndex = 1; lastKnownFileType = text.xcconfig; name = "Pods-AuctionUITests.debug.xcconfig"; path = "Pods/Target Support Files/Pods-AuctionUITests/Pods-AuctionUITests.debug.xcconfig"; sourceTree = "<group>"; };
		F14C2E058F5BEC5C261B135C /* Pods_AuctionUITests.framework */ = {isa = PBXFileReference; explicitFileType = wrapper.framework; includeInIndex = 0; path = Pods_AuctionUITests.framework; sourceTree = BUILT_PRODUCTS_DIR; };
		F6F3F754B544DEF38D25E233 /* Pods-Auction.release.xcconfig */ = {isa = PBXFileReference; includeInIndex = 1; lastKnownFileType = text.xcconfig; name = "Pods-Auction.release.xcconfig"; path = "Pods/Target Support Files/Pods-Auction/Pods-Auction.release.xcconfig"; sourceTree = "<group>"; };
/* End PBXFileReference section */

/* Begin PBXFrameworksBuildPhase section */
		05797B951FB9CAB3005473EF /* Frameworks */ = {
			isa = PBXFrameworksBuildPhase;
			buildActionMask = 2147483647;
			files = (
				8A0E56BC1FD7BFA100707C45 /* Alamofire.framework in Frameworks */,
				2229E95E35E6E71D6DB9BFFC /* Pods_Auction.framework in Frameworks */,
			);
			runOnlyForDeploymentPostprocessing = 0;
		};
		05797BA91FB9CAB4005473EF /* Frameworks */ = {
			isa = PBXFrameworksBuildPhase;
			buildActionMask = 2147483647;
			files = (
				5D7E275D3977D7665AC2F9E6 /* Pods_AuctionTests.framework in Frameworks */,
			);
			runOnlyForDeploymentPostprocessing = 0;
		};
		05797BB41FB9CAB4005473EF /* Frameworks */ = {
			isa = PBXFrameworksBuildPhase;
			buildActionMask = 2147483647;
			files = (
				2635CA9D7EB121B61F299752 /* Pods_AuctionUITests.framework in Frameworks */,
			);
			runOnlyForDeploymentPostprocessing = 0;
		};
/* End PBXFrameworksBuildPhase section */

/* Begin PBXGroup section */
		05797B8F1FB9CAB2005473EF = {
			isa = PBXGroup;
			children = (
				05797B9A1FB9CAB3005473EF /* Auction */,
				05797BAF1FB9CAB4005473EF /* AuctionTests */,
				05797BBA1FB9CAB4005473EF /* AuctionUITests */,
				05797B991FB9CAB3005473EF /* Products */,
				366E835DE9713E201A348E6D /* Pods */,
				FA06C91DF36A3C9137A979C3 /* Frameworks */,
			);
			sourceTree = "<group>";
		};
		05797B991FB9CAB3005473EF /* Products */ = {
			isa = PBXGroup;
			children = (
				05797B981FB9CAB3005473EF /* Auction.app */,
				05797BAC1FB9CAB4005473EF /* AuctionTests.xctest */,
				05797BB71FB9CAB4005473EF /* AuctionUITests.xctest */,
			);
			name = Products;
			sourceTree = "<group>";
		};
		05797B9A1FB9CAB3005473EF /* Auction */ = {
			isa = PBXGroup;
			children = (
				8A3D58281FFCE870008C55E1 /* Constants.swift */,
				8A3D58241FFCE2EE008C55E1 /* OAuthResponse.swift */,
				8A3D58261FFCE324008C55E1 /* Utilities.swift */,
				8A0E56BA1FD7B9DA00707C45 /* LoginModel.swift */,
				05797B9B1FB9CAB3005473EF /* AppDelegate.swift */,
				05797B9D1FB9CAB4005473EF /* ViewController.swift */,
				8A8F4B251FBEBC1600A26F7A /* ProductListViewController.swift */,
				8AB690241FD7D42F005F8B6F /* ProductDetailViewController.swift */,
				8A8F4B271FBEC27A00A26F7A /* TableViewCell.swift */,
				05797B9F1FB9CAB4005473EF /* Main.storyboard */,
				05797BA21FB9CAB4005473EF /* Assets.xcassets */,
				05797BA41FB9CAB4005473EF /* LaunchScreen.storyboard */,
				05797BA71FB9CAB4005473EF /* Info.plist */,
			);
			path = Auction;
			sourceTree = "<group>";
		};
		05797BAF1FB9CAB4005473EF /* AuctionTests */ = {
			isa = PBXGroup;
			children = (
				05797BB01FB9CAB4005473EF /* AuctionTests.swift */,
				05797BB21FB9CAB4005473EF /* Info.plist */,
			);
			path = AuctionTests;
			sourceTree = "<group>";
		};
		05797BBA1FB9CAB4005473EF /* AuctionUITests */ = {
			isa = PBXGroup;
			children = (
				05797BBB1FB9CAB4005473EF /* AuctionUITests.swift */,
				05797BBD1FB9CAB4005473EF /* Info.plist */,
			);
			path = AuctionUITests;
			sourceTree = "<group>";
		};
		366E835DE9713E201A348E6D /* Pods */ = {
			isa = PBXGroup;
			children = (
				431FFBFBE64291DC4CE6C360 /* Pods-Auction.debug.xcconfig */,
				F6F3F754B544DEF38D25E233 /* Pods-Auction.release.xcconfig */,
				A6E40BC753610039B39A05FE /* Pods-AuctionTests.debug.xcconfig */,
				321B85082760136982C0EB44 /* Pods-AuctionTests.release.xcconfig */,
				BBF9FAC641E2FA3F5A9069E7 /* Pods-AuctionUITests.debug.xcconfig */,
				13F7A780B12B21163546199C /* Pods-AuctionUITests.release.xcconfig */,
			);
			name = Pods;
			sourceTree = "<group>";
		};
		FA06C91DF36A3C9137A979C3 /* Frameworks */ = {
			isa = PBXGroup;
			children = (
				8A0E56BD1FD7BFA100707C45 /* Alamofire.framework */,
				2B6495FC1BC09F9969CB16D1 /* Pods_Auction.framework */,
				117B92B78355D7FECFC835D4 /* Pods_AuctionTests.framework */,
				F14C2E058F5BEC5C261B135C /* Pods_AuctionUITests.framework */,
			);
			name = Frameworks;
			sourceTree = "<group>";
		};
/* End PBXGroup section */

/* Begin PBXNativeTarget section */
		05797B971FB9CAB3005473EF /* Auction */ = {
			isa = PBXNativeTarget;
			buildConfigurationList = 05797BC01FB9CAB5005473EF /* Build configuration list for PBXNativeTarget "Auction" */;
			buildPhases = (
				1B5392606845D724039C596B /* [CP] Check Pods Manifest.lock */,
				05797B941FB9CAB3005473EF /* Sources */,
				05797B951FB9CAB3005473EF /* Frameworks */,
				05797B961FB9CAB3005473EF /* Resources */,
				203439B8C22B9E34DE0CED1D /* [CP] Embed Pods Frameworks */,
				CD966F1E46ADDBF57CB1EA10 /* [CP] Copy Pods Resources */,
			);
			buildRules = (
			);
			dependencies = (
			);
			name = Auction;
			productName = Auction;
			productReference = 05797B981FB9CAB3005473EF /* Auction.app */;
			productType = "com.apple.product-type.application";
		};
		05797BAB1FB9CAB4005473EF /* AuctionTests */ = {
			isa = PBXNativeTarget;
			buildConfigurationList = 05797BC31FB9CAB5005473EF /* Build configuration list for PBXNativeTarget "AuctionTests" */;
			buildPhases = (
				0D5A1856047AB1B9851308A9 /* [CP] Check Pods Manifest.lock */,
				05797BA81FB9CAB4005473EF /* Sources */,
				05797BA91FB9CAB4005473EF /* Frameworks */,
				05797BAA1FB9CAB4005473EF /* Resources */,
				AA84C6628E256B6910601A88 /* [CP] Embed Pods Frameworks */,
				C77658BB188207CEEF28EF63 /* [CP] Copy Pods Resources */,
			);
			buildRules = (
			);
			dependencies = (
				05797BAE1FB9CAB4005473EF /* PBXTargetDependency */,
			);
			name = AuctionTests;
			productName = AuctionTests;
			productReference = 05797BAC1FB9CAB4005473EF /* AuctionTests.xctest */;
			productType = "com.apple.product-type.bundle.unit-test";
		};
		05797BB61FB9CAB4005473EF /* AuctionUITests */ = {
			isa = PBXNativeTarget;
			buildConfigurationList = 05797BC61FB9CAB5005473EF /* Build configuration list for PBXNativeTarget "AuctionUITests" */;
			buildPhases = (
				FA68BE7819180F8DB4C26313 /* [CP] Check Pods Manifest.lock */,
				05797BB31FB9CAB4005473EF /* Sources */,
				05797BB41FB9CAB4005473EF /* Frameworks */,
				05797BB51FB9CAB4005473EF /* Resources */,
				AB9611F8A48387EE689DF030 /* [CP] Embed Pods Frameworks */,
				7E312C0AD2D3C5AA30B953F0 /* [CP] Copy Pods Resources */,
			);
			buildRules = (
			);
			dependencies = (
				05797BB91FB9CAB4005473EF /* PBXTargetDependency */,
			);
			name = AuctionUITests;
			productName = AuctionUITests;
			productReference = 05797BB71FB9CAB4005473EF /* AuctionUITests.xctest */;
			productType = "com.apple.product-type.bundle.ui-testing";
		};
/* End PBXNativeTarget section */

/* Begin PBXProject section */
		05797B901FB9CAB2005473EF /* Project object */ = {
			isa = PBXProject;
			attributes = {
				LastSwiftUpdateCheck = 0900;
				LastUpgradeCheck = 0900;
				ORGANIZATIONNAME = PACE;
				TargetAttributes = {
					05797B971FB9CAB3005473EF = {
						CreatedOnToolsVersion = 9.0.1;
						ProvisioningStyle = Automatic;
					};
					05797BAB1FB9CAB4005473EF = {
						CreatedOnToolsVersion = 9.0.1;
						ProvisioningStyle = Automatic;
						TestTargetID = 05797B971FB9CAB3005473EF;
					};
					05797BB61FB9CAB4005473EF = {
						CreatedOnToolsVersion = 9.0.1;
						ProvisioningStyle = Automatic;
						TestTargetID = 05797B971FB9CAB3005473EF;
					};
				};
			};
			buildConfigurationList = 05797B931FB9CAB3005473EF /* Build configuration list for PBXProject "Auction" */;
			compatibilityVersion = "Xcode 8.0";
			developmentRegion = en;
			hasScannedForEncodings = 0;
			knownRegions = (
				en,
				Base,
			);
			mainGroup = 05797B8F1FB9CAB2005473EF;
			productRefGroup = 05797B991FB9CAB3005473EF /* Products */;
			projectDirPath = "";
			projectRoot = "";
			targets = (
				05797B971FB9CAB3005473EF /* Auction */,
				05797BAB1FB9CAB4005473EF /* AuctionTests */,
				05797BB61FB9CAB4005473EF /* AuctionUITests */,
			);
		};
/* End PBXProject section */

/* Begin PBXResourcesBuildPhase section */
		05797B961FB9CAB3005473EF /* Resources */ = {
			isa = PBXResourcesBuildPhase;
			buildActionMask = 2147483647;
			files = (
				05797BA61FB9CAB4005473EF /* LaunchScreen.storyboard in Resources */,
				05797BA31FB9CAB4005473EF /* Assets.xcassets in Resources */,
				05797BA11FB9CAB4005473EF /* Main.storyboard in Resources */,
			);
			runOnlyForDeploymentPostprocessing = 0;
		};
		05797BAA1FB9CAB4005473EF /* Resources */ = {
			isa = PBXResourcesBuildPhase;
			buildActionMask = 2147483647;
			files = (
			);
			runOnlyForDeploymentPostprocessing = 0;
		};
		05797BB51FB9CAB4005473EF /* Resources */ = {
			isa = PBXResourcesBuildPhase;
			buildActionMask = 2147483647;
			files = (
			);
			runOnlyForDeploymentPostprocessing = 0;
		};
/* End PBXResourcesBuildPhase section */

/* Begin PBXShellScriptBuildPhase section */
		0D5A1856047AB1B9851308A9 /* [CP] Check Pods Manifest.lock */ = {
			isa = PBXShellScriptBuildPhase;
			buildActionMask = 2147483647;
			files = (
			);
			inputPaths = (
				"${PODS_PODFILE_DIR_PATH}/Podfile.lock",
				"${PODS_ROOT}/Manifest.lock",
			);
			name = "[CP] Check Pods Manifest.lock";
			outputPaths = (
				"$(DERIVED_FILE_DIR)/Pods-AuctionTests-checkManifestLockResult.txt",
			);
			runOnlyForDeploymentPostprocessing = 0;
			shellPath = /bin/sh;
			shellScript = "diff \"${PODS_PODFILE_DIR_PATH}/Podfile.lock\" \"${PODS_ROOT}/Manifest.lock\" > /dev/null\nif [ $? != 0 ] ; then\n    # print error to STDERR\n    echo \"error: The sandbox is not in sync with the Podfile.lock. Run 'pod install' or update your CocoaPods installation.\" >&2\n    exit 1\nfi\n# This output is used by Xcode 'outputs' to avoid re-running this script phase.\necho \"SUCCESS\" > \"${SCRIPT_OUTPUT_FILE_0}\"\n";
			showEnvVarsInLog = 0;
		};
		1B5392606845D724039C596B /* [CP] Check Pods Manifest.lock */ = {
			isa = PBXShellScriptBuildPhase;
			buildActionMask = 2147483647;
			files = (
			);
			inputPaths = (
				"${PODS_PODFILE_DIR_PATH}/Podfile.lock",
				"${PODS_ROOT}/Manifest.lock",
			);
			name = "[CP] Check Pods Manifest.lock";
			outputPaths = (
				"$(DERIVED_FILE_DIR)/Pods-Auction-checkManifestLockResult.txt",
			);
			runOnlyForDeploymentPostprocessing = 0;
			shellPath = /bin/sh;
			shellScript = "diff \"${PODS_PODFILE_DIR_PATH}/Podfile.lock\" \"${PODS_ROOT}/Manifest.lock\" > /dev/null\nif [ $? != 0 ] ; then\n    # print error to STDERR\n    echo \"error: The sandbox is not in sync with the Podfile.lock. Run 'pod install' or update your CocoaPods installation.\" >&2\n    exit 1\nfi\n# This output is used by Xcode 'outputs' to avoid re-running this script phase.\necho \"SUCCESS\" > \"${SCRIPT_OUTPUT_FILE_0}\"\n";
			showEnvVarsInLog = 0;
		};
		203439B8C22B9E34DE0CED1D /* [CP] Embed Pods Frameworks */ = {
			isa = PBXShellScriptBuildPhase;
			buildActionMask = 2147483647;
			files = (
			);
			inputPaths = (
				"${SRCROOT}/Pods/Target Support Files/Pods-Auction/Pods-Auction-frameworks.sh",
				"${BUILT_PRODUCTS_DIR}/Alamofire/Alamofire.framework",
				"${BUILT_PRODUCTS_DIR}/AlamofireObjectMapper/AlamofireObjectMapper.framework",
				"${BUILT_PRODUCTS_DIR}/ObjectMapper/ObjectMapper.framework",
			);
			name = "[CP] Embed Pods Frameworks";
			outputPaths = (
				"${TARGET_BUILD_DIR}/${FRAMEWORKS_FOLDER_PATH}/Alamofire.framework",
				"${TARGET_BUILD_DIR}/${FRAMEWORKS_FOLDER_PATH}/AlamofireObjectMapper.framework",
				"${TARGET_BUILD_DIR}/${FRAMEWORKS_FOLDER_PATH}/ObjectMapper.framework",
			);
			runOnlyForDeploymentPostprocessing = 0;
			shellPath = /bin/sh;
			shellScript = "\"${SRCROOT}/Pods/Target Support Files/Pods-Auction/Pods-Auction-frameworks.sh\"\n";
			showEnvVarsInLog = 0;
		};
		7E312C0AD2D3C5AA30B953F0 /* [CP] Copy Pods Resources */ = {
			isa = PBXShellScriptBuildPhase;
			buildActionMask = 2147483647;
			files = (
			);
			inputPaths = (
			);
			name = "[CP] Copy Pods Resources";
			outputPaths = (
			);
			runOnlyForDeploymentPostprocessing = 0;
			shellPath = /bin/sh;
			shellScript = "\"${SRCROOT}/Pods/Target Support Files/Pods-AuctionUITests/Pods-AuctionUITests-resources.sh\"\n";
			showEnvVarsInLog = 0;
		};
		AA84C6628E256B6910601A88 /* [CP] Embed Pods Frameworks */ = {
			isa = PBXShellScriptBuildPhase;
			buildActionMask = 2147483647;
			files = (
			);
			inputPaths = (
				"${SRCROOT}/Pods/Target Support Files/Pods-AuctionTests/Pods-AuctionTests-frameworks.sh",
				"${BUILT_PRODUCTS_DIR}/Alamofire/Alamofire.framework",
			);
			name = "[CP] Embed Pods Frameworks";
			outputPaths = (
				"${TARGET_BUILD_DIR}/${FRAMEWORKS_FOLDER_PATH}/Alamofire.framework",
			);
			runOnlyForDeploymentPostprocessing = 0;
			shellPath = /bin/sh;
			shellScript = "\"${SRCROOT}/Pods/Target Support Files/Pods-AuctionTests/Pods-AuctionTests-frameworks.sh\"\n";
			showEnvVarsInLog = 0;
		};
		AB9611F8A48387EE689DF030 /* [CP] Embed Pods Frameworks */ = {
			isa = PBXShellScriptBuildPhase;
			buildActionMask = 2147483647;
			files = (
			);
			inputPaths = (
				"${SRCROOT}/Pods/Target Support Files/Pods-AuctionUITests/Pods-AuctionUITests-frameworks.sh",
				"${BUILT_PRODUCTS_DIR}/Alamofire/Alamofire.framework",
			);
			name = "[CP] Embed Pods Frameworks";
			outputPaths = (
				"${TARGET_BUILD_DIR}/${FRAMEWORKS_FOLDER_PATH}/Alamofire.framework",
			);
			runOnlyForDeploymentPostprocessing = 0;
			shellPath = /bin/sh;
			shellScript = "\"${SRCROOT}/Pods/Target Support Files/Pods-AuctionUITests/Pods-AuctionUITests-frameworks.sh\"\n";
			showEnvVarsInLog = 0;
		};
		C77658BB188207CEEF28EF63 /* [CP] Copy Pods Resources */ = {
			isa = PBXShellScriptBuildPhase;
			buildActionMask = 2147483647;
			files = (
			);
			inputPaths = (
			);
			name = "[CP] Copy Pods Resources";
			outputPaths = (
			);
			runOnlyForDeploymentPostprocessing = 0;
			shellPath = /bin/sh;
			shellScript = "\"${SRCROOT}/Pods/Target Support Files/Pods-AuctionTests/Pods-AuctionTests-resources.sh\"\n";
			showEnvVarsInLog = 0;
		};
		CD966F1E46ADDBF57CB1EA10 /* [CP] Copy Pods Resources */ = {
			isa = PBXShellScriptBuildPhase;
			buildActionMask = 2147483647;
			files = (
			);
			inputPaths = (
			);
			name = "[CP] Copy Pods Resources";
			outputPaths = (
			);
			runOnlyForDeploymentPostprocessing = 0;
			shellPath = /bin/sh;
			shellScript = "\"${SRCROOT}/Pods/Target Support Files/Pods-Auction/Pods-Auction-resources.sh\"\n";
			showEnvVarsInLog = 0;
		};
		FA68BE7819180F8DB4C26313 /* [CP] Check Pods Manifest.lock */ = {
			isa = PBXShellScriptBuildPhase;
			buildActionMask = 2147483647;
			files = (
			);
			inputPaths = (
				"${PODS_PODFILE_DIR_PATH}/Podfile.lock",
				"${PODS_ROOT}/Manifest.lock",
			);
			name = "[CP] Check Pods Manifest.lock";
			outputPaths = (
				"$(DERIVED_FILE_DIR)/Pods-AuctionUITests-checkManifestLockResult.txt",
			);
			runOnlyForDeploymentPostprocessing = 0;
			shellPath = /bin/sh;
			shellScript = "diff \"${PODS_PODFILE_DIR_PATH}/Podfile.lock\" \"${PODS_ROOT}/Manifest.lock\" > /dev/null\nif [ $? != 0 ] ; then\n    # print error to STDERR\n    echo \"error: The sandbox is not in sync with the Podfile.lock. Run 'pod install' or update your CocoaPods installation.\" >&2\n    exit 1\nfi\n# This output is used by Xcode 'outputs' to avoid re-running this script phase.\necho \"SUCCESS\" > \"${SCRIPT_OUTPUT_FILE_0}\"\n";
			showEnvVarsInLog = 0;
		};
/* End PBXShellScriptBuildPhase section */

/* Begin PBXSourcesBuildPhase section */
		05797B941FB9CAB3005473EF /* Sources */ = {
			isa = PBXSourcesBuildPhase;
			buildActionMask = 2147483647;
			files = (
				8A8F4B281FBEC27A00A26F7A /* TableViewCell.swift in Sources */,
				8A0E56BB1FD7B9DA00707C45 /* LoginModel.swift in Sources */,
				05797B9E1FB9CAB4005473EF /* ViewController.swift in Sources */,
				8ACB3BAF1FC45D9E0037E349 /* ProductListViewController.swift in Sources */,
				05797B9C1FB9CAB3005473EF /* AppDelegate.swift in Sources */,
				8AB690251FD7D42F005F8B6F /* ProductDetailViewController.swift in Sources */,
				8A3D58271FFCE324008C55E1 /* Utilities.swift in Sources */,
				8A3D58251FFCE2EE008C55E1 /* OAuthResponse.swift in Sources */,
				8A3D58291FFCE870008C55E1 /* Constants.swift in Sources */,
			);
			runOnlyForDeploymentPostprocessing = 0;
		};
		05797BA81FB9CAB4005473EF /* Sources */ = {
			isa = PBXSourcesBuildPhase;
			buildActionMask = 2147483647;
			files = (
				05797BB11FB9CAB4005473EF /* AuctionTests.swift in Sources */,
			);
			runOnlyForDeploymentPostprocessing = 0;
		};
		05797BB31FB9CAB4005473EF /* Sources */ = {
			isa = PBXSourcesBuildPhase;
			buildActionMask = 2147483647;
			files = (
				05797BBC1FB9CAB4005473EF /* AuctionUITests.swift in Sources */,
			);
			runOnlyForDeploymentPostprocessing = 0;
		};
/* End PBXSourcesBuildPhase section */

/* Begin PBXTargetDependency section */
		05797BAE1FB9CAB4005473EF /* PBXTargetDependency */ = {
			isa = PBXTargetDependency;
			target = 05797B971FB9CAB3005473EF /* Auction */;
			targetProxy = 05797BAD1FB9CAB4005473EF /* PBXContainerItemProxy */;
		};
		05797BB91FB9CAB4005473EF /* PBXTargetDependency */ = {
			isa = PBXTargetDependency;
			target = 05797B971FB9CAB3005473EF /* Auction */;
			targetProxy = 05797BB81FB9CAB4005473EF /* PBXContainerItemProxy */;
		};
/* End PBXTargetDependency section */

/* Begin PBXVariantGroup section */
		05797B9F1FB9CAB4005473EF /* Main.storyboard */ = {
			isa = PBXVariantGroup;
			children = (
				05797BA01FB9CAB4005473EF /* Base */,
			);
			name = Main.storyboard;
			sourceTree = "<group>";
		};
		05797BA41FB9CAB4005473EF /* LaunchScreen.storyboard */ = {
			isa = PBXVariantGroup;
			children = (
				05797BA51FB9CAB4005473EF /* Base */,
			);
			name = LaunchScreen.storyboard;
			sourceTree = "<group>";
		};
/* End PBXVariantGroup section */

/* Begin XCBuildConfiguration section */
		05797BBE1FB9CAB4005473EF /* Debug */ = {
			isa = XCBuildConfiguration;
			buildSettings = {
				ALWAYS_SEARCH_USER_PATHS = NO;
				CLANG_ANALYZER_NONNULL = YES;
				CLANG_ANALYZER_NUMBER_OBJECT_CONVERSION = YES_AGGRESSIVE;
				CLANG_CXX_LANGUAGE_STANDARD = "gnu++14";
				CLANG_CXX_LIBRARY = "libc++";
				CLANG_ENABLE_MODULES = YES;
				CLANG_ENABLE_OBJC_ARC = YES;
				CLANG_WARN_BLOCK_CAPTURE_AUTORELEASING = YES;
				CLANG_WARN_BOOL_CONVERSION = YES;
				CLANG_WARN_COMMA = YES;
				CLANG_WARN_CONSTANT_CONVERSION = YES;
				CLANG_WARN_DIRECT_OBJC_ISA_USAGE = YES_ERROR;
				CLANG_WARN_DOCUMENTATION_COMMENTS = YES;
				CLANG_WARN_EMPTY_BODY = YES;
				CLANG_WARN_ENUM_CONVERSION = YES;
				CLANG_WARN_INFINITE_RECURSION = YES;
				CLANG_WARN_INT_CONVERSION = YES;
				CLANG_WARN_NON_LITERAL_NULL_CONVERSION = YES;
				CLANG_WARN_OBJC_LITERAL_CONVERSION = YES;
				CLANG_WARN_OBJC_ROOT_CLASS = YES_ERROR;
				CLANG_WARN_RANGE_LOOP_ANALYSIS = YES;
				CLANG_WARN_STRICT_PROTOTYPES = YES;
				CLANG_WARN_SUSPICIOUS_MOVE = YES;
				CLANG_WARN_UNGUARDED_AVAILABILITY = YES_AGGRESSIVE;
				CLANG_WARN_UNREACHABLE_CODE = YES;
				CLANG_WARN__DUPLICATE_METHOD_MATCH = YES;
				CODE_SIGN_IDENTITY = "iPhone Developer";
				COPY_PHASE_STRIP = NO;
				DEBUG_INFORMATION_FORMAT = dwarf;
				ENABLE_STRICT_OBJC_MSGSEND = YES;
				ENABLE_TESTABILITY = YES;
				GCC_C_LANGUAGE_STANDARD = gnu11;
				GCC_DYNAMIC_NO_PIC = NO;
				GCC_NO_COMMON_BLOCKS = YES;
				GCC_OPTIMIZATION_LEVEL = 0;
				GCC_PREPROCESSOR_DEFINITIONS = (
					"DEBUG=1",
					"$(inherited)",
				);
				GCC_WARN_64_TO_32_BIT_CONVERSION = YES;
				GCC_WARN_ABOUT_RETURN_TYPE = YES_ERROR;
				GCC_WARN_UNDECLARED_SELECTOR = YES;
				GCC_WARN_UNINITIALIZED_AUTOS = YES_AGGRESSIVE;
				GCC_WARN_UNUSED_FUNCTION = YES;
				GCC_WARN_UNUSED_VARIABLE = YES;
				IPHONEOS_DEPLOYMENT_TARGET = 11.0;
				MTL_ENABLE_DEBUG_INFO = YES;
				ONLY_ACTIVE_ARCH = YES;
				SDKROOT = iphoneos;
				SWIFT_ACTIVE_COMPILATION_CONDITIONS = DEBUG;
				SWIFT_OPTIMIZATION_LEVEL = "-Onone";
				SWIFT_VERSION = 3.0;
			};
			name = Debug;
		};
		05797BBF1FB9CAB4005473EF /* Release */ = {
			isa = XCBuildConfiguration;
			buildSettings = {
				ALWAYS_SEARCH_USER_PATHS = NO;
				CLANG_ANALYZER_NONNULL = YES;
				CLANG_ANALYZER_NUMBER_OBJECT_CONVERSION = YES_AGGRESSIVE;
				CLANG_CXX_LANGUAGE_STANDARD = "gnu++14";
				CLANG_CXX_LIBRARY = "libc++";
				CLANG_ENABLE_MODULES = YES;
				CLANG_ENABLE_OBJC_ARC = YES;
				CLANG_WARN_BLOCK_CAPTURE_AUTORELEASING = YES;
				CLANG_WARN_BOOL_CONVERSION = YES;
				CLANG_WARN_COMMA = YES;
				CLANG_WARN_CONSTANT_CONVERSION = YES;
				CLANG_WARN_DIRECT_OBJC_ISA_USAGE = YES_ERROR;
				CLANG_WARN_DOCUMENTATION_COMMENTS = YES;
				CLANG_WARN_EMPTY_BODY = YES;
				CLANG_WARN_ENUM_CONVERSION = YES;
				CLANG_WARN_INFINITE_RECURSION = YES;
				CLANG_WARN_INT_CONVERSION = YES;
				CLANG_WARN_NON_LITERAL_NULL_CONVERSION = YES;
				CLANG_WARN_OBJC_LITERAL_CONVERSION = YES;
				CLANG_WARN_OBJC_ROOT_CLASS = YES_ERROR;
				CLANG_WARN_RANGE_LOOP_ANALYSIS = YES;
				CLANG_WARN_STRICT_PROTOTYPES = YES;
				CLANG_WARN_SUSPICIOUS_MOVE = YES;
				CLANG_WARN_UNGUARDED_AVAILABILITY = YES_AGGRESSIVE;
				CLANG_WARN_UNREACHABLE_CODE = YES;
				CLANG_WARN__DUPLICATE_METHOD_MATCH = YES;
				CODE_SIGN_IDENTITY = "iPhone Developer";
				COPY_PHASE_STRIP = NO;
				DEBUG_INFORMATION_FORMAT = "dwarf-with-dsym";
				ENABLE_NS_ASSERTIONS = NO;
				ENABLE_STRICT_OBJC_MSGSEND = YES;
				GCC_C_LANGUAGE_STANDARD = gnu11;
				GCC_NO_COMMON_BLOCKS = YES;
				GCC_WARN_64_TO_32_BIT_CONVERSION = YES;
				GCC_WARN_ABOUT_RETURN_TYPE = YES_ERROR;
				GCC_WARN_UNDECLARED_SELECTOR = YES;
				GCC_WARN_UNINITIALIZED_AUTOS = YES_AGGRESSIVE;
				GCC_WARN_UNUSED_FUNCTION = YES;
				GCC_WARN_UNUSED_VARIABLE = YES;
				IPHONEOS_DEPLOYMENT_TARGET = 11.0;
				MTL_ENABLE_DEBUG_INFO = NO;
				SDKROOT = iphoneos;
				SWIFT_OPTIMIZATION_LEVEL = "-Owholemodule";
				SWIFT_VERSION = 3.0;
				VALIDATE_PRODUCT = YES;
			};
			name = Release;
		};
		05797BC11FB9CAB5005473EF /* Debug */ = {
			isa = XCBuildConfiguration;
			baseConfigurationReference = 431FFBFBE64291DC4CE6C360 /* Pods-Auction.debug.xcconfig */;
			buildSettings = {
				ASSETCATALOG_COMPILER_APPICON_NAME = "AppIcon-1";
				ASSETCATALOG_COMPILER_LAUNCHIMAGE_NAME = LaunchImage;
				CODE_SIGN_STYLE = Automatic;
				INFOPLIST_FILE = Auction/Info.plist;
				LD_RUNPATH_SEARCH_PATHS = "$(inherited) @executable_path/Frameworks";
				PRODUCT_BUNDLE_IDENTIFIER = com.cognizant.Auctionapp;
				PRODUCT_NAME = "$(TARGET_NAME)";
				SWIFT_VERSION = 4.0;
				TARGETED_DEVICE_FAMILY = "1,2";
			};
			name = Debug;
		};
		05797BC21FB9CAB5005473EF /* Release */ = {
			isa = XCBuildConfiguration;
			baseConfigurationReference = F6F3F754B544DEF38D25E233 /* Pods-Auction.release.xcconfig */;
			buildSettings = {
				ASSETCATALOG_COMPILER_APPICON_NAME = "AppIcon-1";
				ASSETCATALOG_COMPILER_LAUNCHIMAGE_NAME = LaunchImage;
				CODE_SIGN_STYLE = Automatic;
				INFOPLIST_FILE = Auction/Info.plist;
				LD_RUNPATH_SEARCH_PATHS = "$(inherited) @executable_path/Frameworks";
				PRODUCT_BUNDLE_IDENTIFIER = com.cognizant.Auctionapp;
				PRODUCT_NAME = "$(TARGET_NAME)";
				SWIFT_VERSION = 4.0;
				TARGETED_DEVICE_FAMILY = "1,2";
			};
			name = Release;
		};
		05797BC41FB9CAB5005473EF /* Debug */ = {
			isa = XCBuildConfiguration;
			baseConfigurationReference = A6E40BC753610039B39A05FE /* Pods-AuctionTests.debug.xcconfig */;
			buildSettings = {
				ALWAYS_EMBED_SWIFT_STANDARD_LIBRARIES = YES;
				BUNDLE_LOADER = "$(TEST_HOST)";
				CODE_SIGN_STYLE = Automatic;
				INFOPLIST_FILE = AuctionTests/Info.plist;
				LD_RUNPATH_SEARCH_PATHS = "$(inherited) @executable_path/Frameworks @loader_path/Frameworks";
				PRODUCT_BUNDLE_IDENTIFIER = com.cognizant.suba.AuctionTests;
				PRODUCT_NAME = "$(TARGET_NAME)";
				SWIFT_VERSION = 4.0;
				TARGETED_DEVICE_FAMILY = "1,2";
				TEST_HOST = "$(BUILT_PRODUCTS_DIR)/Auction.app/Auction";
			};
			name = Debug;
		};
		05797BC51FB9CAB5005473EF /* Release */ = {
			isa = XCBuildConfiguration;
			baseConfigurationReference = 321B85082760136982C0EB44 /* Pods-AuctionTests.release.xcconfig */;
			buildSettings = {
				ALWAYS_EMBED_SWIFT_STANDARD_LIBRARIES = YES;
				BUNDLE_LOADER = "$(TEST_HOST)";
				CODE_SIGN_STYLE = Automatic;
				INFOPLIST_FILE = AuctionTests/Info.plist;
				LD_RUNPATH_SEARCH_PATHS = "$(inherited) @executable_path/Frameworks @loader_path/Frameworks";
				PRODUCT_BUNDLE_IDENTIFIER = com.cognizant.suba.AuctionTests;
				PRODUCT_NAME = "$(TARGET_NAME)";
				SWIFT_VERSION = 4.0;
				TARGETED_DEVICE_FAMILY = "1,2";
				TEST_HOST = "$(BUILT_PRODUCTS_DIR)/Auction.app/Auction";
			};
			name = Release;
		};
		05797BC71FB9CAB5005473EF /* Debug */ = {
			isa = XCBuildConfiguration;
			baseConfigurationReference = BBF9FAC641E2FA3F5A9069E7 /* Pods-AuctionUITests.debug.xcconfig */;
			buildSettings = {
				ALWAYS_EMBED_SWIFT_STANDARD_LIBRARIES = YES;
				CODE_SIGN_STYLE = Automatic;
				INFOPLIST_FILE = AuctionUITests/Info.plist;
				LD_RUNPATH_SEARCH_PATHS = "$(inherited) @executable_path/Frameworks @loader_path/Frameworks";
				PRODUCT_BUNDLE_IDENTIFIER = com.cognizant.suba.AuctionUITests;
				PRODUCT_NAME = "$(TARGET_NAME)";
				SWIFT_VERSION = 4.0;
				TARGETED_DEVICE_FAMILY = "1,2";
				TEST_TARGET_NAME = Auction;
			};
			name = Debug;
		};
		05797BC81FB9CAB5005473EF /* Release */ = {
			isa = XCBuildConfiguration;
			baseConfigurationReference = 13F7A780B12B21163546199C /* Pods-AuctionUITests.release.xcconfig */;
			buildSettings = {
				ALWAYS_EMBED_SWIFT_STANDARD_LIBRARIES = YES;
				CODE_SIGN_STYLE = Automatic;
				INFOPLIST_FILE = AuctionUITests/Info.plist;
				LD_RUNPATH_SEARCH_PATHS = "$(inherited) @executable_path/Frameworks @loader_path/Frameworks";
				PRODUCT_BUNDLE_IDENTIFIER = com.cognizant.suba.AuctionUITests;
				PRODUCT_NAME = "$(TARGET_NAME)";
				SWIFT_VERSION = 4.0;
				TARGETED_DEVICE_FAMILY = "1,2";
				TEST_TARGET_NAME = Auction;
			};
			name = Release;
		};
/* End XCBuildConfiguration section */

/* Begin XCConfigurationList section */
		05797B931FB9CAB3005473EF /* Build configuration list for PBXProject "Auction" */ = {
			isa = XCConfigurationList;
			buildConfigurations = (
				05797BBE1FB9CAB4005473EF /* Debug */,
				05797BBF1FB9CAB4005473EF /* Release */,
			);
			defaultConfigurationIsVisible = 0;
			defaultConfigurationName = Release;
		};
		05797BC01FB9CAB5005473EF /* Build configuration list for PBXNativeTarget "Auction" */ = {
			isa = XCConfigurationList;
			buildConfigurations = (
				05797BC11FB9CAB5005473EF /* Debug */,
				05797BC21FB9CAB5005473EF /* Release */,
			);
			defaultConfigurationIsVisible = 0;
			defaultConfigurationName = Release;
		};
		05797BC31FB9CAB5005473EF /* Build configuration list for PBXNativeTarget "AuctionTests" */ = {
			isa = XCConfigurationList;
			buildConfigurations = (
				05797BC41FB9CAB5005473EF /* Debug */,
				05797BC51FB9CAB5005473EF /* Release */,
			);
			defaultConfigurationIsVisible = 0;
			defaultConfigurationName = Release;
		};
		05797BC61FB9CAB5005473EF /* Build configuration list for PBXNativeTarget "AuctionUITests" */ = {
			isa = XCConfigurationList;
			buildConfigurations = (
				05797BC71FB9CAB5005473EF /* Debug */,
				05797BC81FB9CAB5005473EF /* Release */,
			);
			defaultConfigurationIsVisible = 0;
			defaultConfigurationName = Release;
		};
/* End XCConfigurationList section */
	};
	rootObject = 05797B901FB9CAB2005473EF /* Project object */;
}
